{
  "nodes": {
    "disko": {
      "inputs": {
        "nixpkgs": "nixpkgs"
      },
      "locked": {
        "lastModified": 1722217815,
        "narHash": "sha256-8r5AJ3n8WEDw3rsZLALSuFQ5kJyWOcssNZvPxYLr2yc=",
        "owner": "nix-community",
        "repo": "disko",
        "rev": "1e6f8a7b4634fc051cc9361959bf414fcf17e094",
        "type": "github"
      },
      "original": {
        "owner": "nix-community",
        "repo": "disko",
        "type": "github"
      }
    },
    "home-manager": {
      "inputs": {
        "nixpkgs": "nixpkgs_2"
      },
      "locked": {
        "lastModified": 1722321190,
        "narHash": "sha256-WeVWVRqkgrbLzmk6FfJoloJ7Xe7HWD27Pv950IUG2kI=",
        "owner": "nix-community",
        "repo": "home-manager",
        "rev": "4fcd54df7cbb1d79cbe81209909ee8514d6b17a4",
        "type": "github"
      },
      "original": {
        "owner": "nix-community",
        "repo": "home-manager",
        "type": "github"
      }
    },
    "lynx": {
      "locked": {
        "lastModified": 0,
        "narHash": "sha256-fJ5hSlgnwx9nzL40GAX7Q00DafpVFCCWYM69GRvDYgk=",
        "path": "/nix/store/z04d927w19d0ingx5n1481b8hpqgy57k-source",
        "type": "path"
      },
      "original": {
        "path": "/nix/store/z04d927w19d0ingx5n1481b8hpqgy57k-source",
        "type": "path"
      }
    },
    "nixpkgs": {
      "locked": {
        "lastModified": 1722141560,
        "narHash": "sha256-Ul3rIdesWaiW56PS/Ak3UlJdkwBrD4UcagCmXZR9Z7Y=",
        "owner": "NixOS",
        "repo": "nixpkgs",
        "rev": "038fb464fcfa79b4f08131b07f2d8c9a6bcc4160",
        "type": "github"
      },
      "original": {
        "owner": "NixOS",
        "ref": "nixpkgs-unstable",
        "repo": "nixpkgs",
        "type": "github"
      }
    },
    "nixpkgs-lib": {
      "locked": {
        "lastModified": 1719876945,
        "narHash": "sha256-Fm2rDDs86sHy0/1jxTOKB1118Q0O3Uc7EC0iXvXKpbI=",
        "type": "tarball",
        "url": "https://github.com/NixOS/nixpkgs/archive/5daf0514482af3f97abaefc78a6606365c9108e2.tar.gz"
      },
      "original": {
        "type": "tarball",
        "url": "https://github.com/NixOS/nixpkgs/archive/5daf0514482af3f97abaefc78a6606365c9108e2.tar.gz"
      }
    },
    "nixpkgs_2": {
      "locked": {
        "lastModified": 1722062969,
        "narHash": "sha256-QOS0ykELUmPbrrUGmegAUlpmUFznDQeR4q7rFhl8eQg=",
        "owner": "NixOS",
        "repo": "nixpkgs",
        "rev": "b73c2221a46c13557b1b3be9c2070cc42cf01eb3",
        "type": "github"
      },
      "original": {
        "owner": "NixOS",
        "ref": "nixos-unstable",
        "repo": "nixpkgs",
        "type": "github"
      }
    },
    "nixpkgs_3": {
      "locked": {
        "lastModified": 1722221733,
        "narHash": "sha256-sga9SrrPb+pQJxG1ttJfMPheZvDOxApFfwXCFO0H9xw=",
        "owner": "NixOS",
        "repo": "nixpkgs",
        "rev": "12bf09802d77264e441f48e25459c10c93eada2e",
        "type": "github"
      },
      "original": {
        "owner": "NixOS",
        "ref": "nixos-24.05",
        "repo": "nixpkgs",
        "type": "github"
      }
    },
    "parts": {
      "inputs": {
        "nixpkgs-lib": "nixpkgs-lib"
      },
      "locked": {
        "lastModified": 1719994518,
        "narHash": "sha256-pQMhCCHyQGRzdfAkdJ4cIWiw+JNuWsTX7f0ZYSyz0VY=",
        "owner": "hercules-ci",
        "repo": "flake-parts",
        "rev": "9227223f6d922fee3c7b190b2cc238a99527bbb7",
        "type": "github"
      },
      "original": {
        "owner": "hercules-ci",
        "repo": "flake-parts",
        "type": "github"
      }
    },
    "profile-parts": {
      "locked": {
        "lastModified": 1697078626,
        "narHash": "sha256-JxQuoJEl8qFsQlBlA7CQ30VlNfbO609r/yIDjZgi4H0=",
        "owner": "adamcstephens",
        "repo": "profile-parts",
        "rev": "da2b59b9616df209ba2498d0a86332c12e15ec0f",
        "type": "github"
      },
      "original": {
        "owner": "adamcstephens",
        "repo": "profile-parts",
        "type": "github"
      }
    },
    "root": {
      "inputs": {
        "disko": "disko",
        "home-manager": "home-manager",
        "lynx": "lynx",
        "nixpkgs": "nixpkgs_3",
        "parts": "parts",
        "profile-parts": "profile-parts"
      }
    }
  },
  "root": "root",
  "version": 7
}
